
Microsoft Visual Studio Solution File, Format Version 12.00
# Visual Studio Version 17
VisualStudioVersion = 17.5.33530.505
MinimumVisualStudioVersion = 10.0.40219.1
Project("{FAE04EC0-301F-11D3-BF4B-00C04F79EFBC}") = "testConsole", "testConsole\testConsole.csproj", "{8320101E-065A-42F8-99E6-43C23870402E}"
EndProject
Project("{9A19103F-16F7-4668-BE54-9A1E7A4F7556}") = "TestWebAPI", "TestWebAPI\TestWebAPI.csproj", "{3D799FC5-14D8-4AA5-932E-D613E0AF665F}"
EndProject
Project("{9A19103F-16F7-4668-BE54-9A1E7A4F7556}") = "TestWebApp", "TestWebApp\TestWebApp.csproj", "{3453B712-945C-4860-92BA-2D060891A695}"
EndProject
Project("{FAE04EC0-301F-11D3-BF4B-00C04F79EFBC}") = "TestWebApplication", "TestWebApplication\TestWebApplication.csproj", "{67E956E7-AD08-4AA4-86DD-3426948CE58C}"
EndProject
Project("{9A19103F-16F7-4668-BE54-9A1E7A4F7556}") = "TestWebApiDocker", "TestWebApiDocker\TestWebApiDocker.csproj", "{04B542A5-9170-485A-B66C-821C5D6CD570}"
EndProject
Global
	GlobalSection(SolutionConfigurationPlatforms) = preSolution
		Debug|Any CPU = Debug|Any CPU
		Release|Any CPU = Release|Any CPU
	EndGlobalSection
	GlobalSection(ProjectConfigurationPlatforms) = postSolution
		{8320101E-065A-42F8-99E6-43C23870402E}.Debug|Any CPU.ActiveCfg = Debug|Any CPU
		{8320101E-065A-42F8-99E6-43C23870402E}.Debug|Any CPU.Build.0 = Debug|Any CPU
		{8320101E-065A-42F8-99E6-43C23870402E}.Release|Any CPU.ActiveCfg = Release|Any CPU
		{8320101E-065A-42F8-99E6-43C23870402E}.Release|Any CPU.Build.0 = Release|Any CPU
		{3D799FC5-14D8-4AA5-932E-D613E0AF665F}.Debug|Any CPU.ActiveCfg = Debug|Any CPU
		{3D799FC5-14D8-4AA5-932E-D613E0AF665F}.Debug|Any CPU.Build.0 = Debug|Any CPU
		{3D799FC5-14D8-4AA5-932E-D613E0AF665F}.Release|Any CPU.ActiveCfg = Release|Any CPU
		{3D799FC5-14D8-4AA5-932E-D613E0AF665F}.Release|Any CPU.Build.0 = Release|Any CPU
		{3453B712-945C-4860-92BA-2D060891A695}.Debug|Any CPU.ActiveCfg = Debug|Any CPU
		{3453B712-945C-4860-92BA-2D060891A695}.Debug|Any CPU.Build.0 = Debug|Any CPU
		{3453B712-945C-4860-92BA-2D060891A695}.Release|Any CPU.ActiveCfg = Release|Any CPU
		{3453B712-945C-4860-92BA-2D060891A695}.Release|Any CPU.Build.0 = Release|Any CPU
		{67E956E7-AD08-4AA4-86DD-3426948CE58C}.Debug|Any CPU.ActiveCfg = Debug|Any CPU
		{67E956E7-AD08-4AA4-86DD-3426948CE58C}.Debug|Any CPU.Build.0 = Debug|Any CPU
		{67E956E7-AD08-4AA4-86DD-3426948CE58C}.Release|Any CPU.ActiveCfg = Release|Any CPU
		{67E956E7-AD08-4AA4-86DD-3426948CE58C}.Release|Any CPU.Build.0 = Release|Any CPU
		{04B542A5-9170-485A-B66C-821C5D6CD570}.Debug|Any CPU.ActiveCfg = Debug|Any CPU
		{04B542A5-9170-485A-B66C-821C5D6CD570}.Debug|Any CPU.Build.0 = Debug|Any CPU
		{04B542A5-9170-485A-B66C-821C5D6CD570}.Release|Any CPU.ActiveCfg = Release|Any CPU
		{04B542A5-9170-485A-B66C-821C5D6CD570}.Release|Any CPU.Build.0 = Release|Any CPU
	EndGlobalSection
	GlobalSection(SolutionProperties) = preSolution
		HideSolutionNode = FALSE
	EndGlobalSection
	GlobalSection(ExtensibilityGlobals) = postSolution
		SolutionGuid = {4234534C-8FD6-41F2-B167-3BFFF5282C67}
	EndGlobalSection
EndGlobal
